Microsoft Visual Studio Solution File, Format Version 11.00
# Visual Studio 2008

Project("{141481B7-68B2-F508-3162-D7CB3F996902}") = "multiquest", "Assembly-CSharp.csproj", "{A45E1AA9-84FD-A58C-1BCC-6567A6E9C053}"
EndProject
Project("{141481B7-68B2-F508-3162-D7CB3F996902}") = "multiquest", "Assembly-CSharp-Editor.csproj", "{807DBD38-B1E8-8BB6-2B76-0BC970D5710B}"
EndProject
Global
	GlobalSection(SolutionConfigurationPlatforms) = preSolution
		Debug|Any CPU = Debug|Any CPU
		Release|Any CPU = Release|Any CPU
	EndGlobalSection
	GlobalSection(ProjectConfigurationPlatforms) = postSolution
		{A45E1AA9-84FD-A58C-1BCC-6567A6E9C053}.Debug|Any CPU.ActiveCfg = Debug|Any CPU
		{A45E1AA9-84FD-A58C-1BCC-6567A6E9C053}.Debug|Any CPU.Build.0 = Debug|Any CPU
		{A45E1AA9-84FD-A58C-1BCC-6567A6E9C053}.Release|Any CPU.ActiveCfg = Release|Any CPU
		{A45E1AA9-84FD-A58C-1BCC-6567A6E9C053}.Release|Any CPU.Build.0 = Release|Any CPU
		{807DBD38-B1E8-8BB6-2B76-0BC970D5710B}.Debug|Any CPU.ActiveCfg = Debug|Any CPU
		{807DBD38-B1E8-8BB6-2B76-0BC970D5710B}.Debug|Any CPU.Build.0 = Debug|Any CPU
		{807DBD38-B1E8-8BB6-2B76-0BC970D5710B}.Release|Any CPU.ActiveCfg = Release|Any CPU
		{807DBD38-B1E8-8BB6-2B76-0BC970D5710B}.Release|Any CPU.Build.0 = Release|Any CPU
	EndGlobalSection
	GlobalSection(SolutionProperties) = preSolution
		HideSolutionNode = FALSE
	EndGlobalSection
	GlobalSection(MonoDevelopProperties) = preSolution
		StartupItem = Assembly-CSharp.csproj
	EndGlobalSection
EndGlobal
